dependencies:
- name: redis
  repository: https://kubernetes-charts.storage.googleapis.com/
  version: 5.1.0
- name: elasticsearch
  repository: https://kubernetes-charts.storage.googleapis.com/
  version: 1.15.0
- name: mongodb
  repository: https://kubernetes-charts.storage.googleapis.com/
  version: 4.9.1
digest: sha256:19f0422775c623390b18a13c19764ecebd67324e1a9acedcbac8192516ea2ea7
generated: 2018-12-12T18:08:19.967430192+01:00
